
Microsoft Visual Studio Solution File, Format Version 12.00
# Visual Studio Version 17
VisualStudioVersion = 17.11.35219.272
MinimumVisualStudioVersion = 10.0.40219.1
Project("{FAE04EC0-301F-11D3-BF4B-00C04F79EFBC}") = "Server.API", "Server.API\Server.API.csproj", "{19422E20-786D-4D6D-9F83-E0C70269D253}"
EndProject
Project("{FAE04EC0-301F-11D3-BF4B-00C04F79EFBC}") = "RSA_KeyGenerator", "RSA_KeyGenerator\RSA_KeyGenerator.csproj", "{802376B1-DDEF-4ECA-A637-AF5EA286AC39}"
EndProject
Project("{FAE04EC0-301F-11D3-BF4B-00C04F79EFBC}") = "Client.API", "Client.API\Client.API.csproj", "{0C43DB93-3E3D-4833-80A1-C0027F9AF7E9}"
EndProject
Global
	GlobalSection(SolutionConfigurationPlatforms) = preSolution
		Debug|Any CPU = Debug|Any CPU
		Release|Any CPU = Release|Any CPU
	EndGlobalSection
	GlobalSection(ProjectConfigurationPlatforms) = postSolution
		{19422E20-786D-4D6D-9F83-E0C70269D253}.Debug|Any CPU.ActiveCfg = Debug|Any CPU
		{19422E20-786D-4D6D-9F83-E0C70269D253}.Debug|Any CPU.Build.0 = Debug|Any CPU
		{19422E20-786D-4D6D-9F83-E0C70269D253}.Release|Any CPU.ActiveCfg = Release|Any CPU
		{19422E20-786D-4D6D-9F83-E0C70269D253}.Release|Any CPU.Build.0 = Release|Any CPU
		{802376B1-DDEF-4ECA-A637-AF5EA286AC39}.Debug|Any CPU.ActiveCfg = Debug|Any CPU
		{802376B1-DDEF-4ECA-A637-AF5EA286AC39}.Debug|Any CPU.Build.0 = Debug|Any CPU
		{802376B1-DDEF-4ECA-A637-AF5EA286AC39}.Release|Any CPU.ActiveCfg = Release|Any CPU
		{802376B1-DDEF-4ECA-A637-AF5EA286AC39}.Release|Any CPU.Build.0 = Release|Any CPU
		{0C43DB93-3E3D-4833-80A1-C0027F9AF7E9}.Debug|Any CPU.ActiveCfg = Debug|Any CPU
		{0C43DB93-3E3D-4833-80A1-C0027F9AF7E9}.Debug|Any CPU.Build.0 = Debug|Any CPU
		{0C43DB93-3E3D-4833-80A1-C0027F9AF7E9}.Release|Any CPU.ActiveCfg = Release|Any CPU
		{0C43DB93-3E3D-4833-80A1-C0027F9AF7E9}.Release|Any CPU.Build.0 = Release|Any CPU
	EndGlobalSection
	GlobalSection(SolutionProperties) = preSolution
		HideSolutionNode = FALSE
	EndGlobalSection
	GlobalSection(ExtensibilityGlobals) = postSolution
		SolutionGuid = {2F365896-BF3C-47F2-9C5B-42F33E0BC03C}
	EndGlobalSection
EndGlobal
